{
  "name": "vegetacao-nativa-sp-boot",
  "version": "1.0.0",
  "lockfileVersion": 1,
  "requires": true,
  "dependencies": {
    "@taipescripeto/enum-type-guard": {
      "version": "1.0.0",
      "resolved": "https://registry.npmjs.org/@taipescripeto/enum-type-guard/-/enum-type-guard-1.0.0.tgz",
      "integrity": "sha512-osLbMoJ8tWKtjaUCu72u1cpI27iFoYCek0JwNP19LyJNavu2j2JAYvlLDZQGyX6/T+Txz6Aw6UABWDq52E2AYQ=="
    },
    "@types/node": {
      "version": "14.14.41",
      "resolved": "https://registry.npmjs.org/@types/node/-/node-14.14.41.tgz",
      "integrity": "sha512-dueRKfaJL4RTtSa7bWeTK1M+VH+Gns73oCgzvYfHZywRCoPSd8EkXBL0mZ9unPTveBn+D9phZBaxuzpwjWkW0g==",
      "dev": true
    }
  }
}
